// !$*UTF8*$!
{
	archiveVersion = 1;
	classes = {
	};
	objectVersion = 56;
	objects = {

/* Begin PBXBuildFile section */
		0C97AD542C57E15500761EEF /* Review_InnovationsApp.swift in Sources */ = {isa = PBXBuildFile; fileRef = 0C97AD532C57E15500761EEF /* Review_InnovationsApp.swift */; };
		0C97AD562C57E15500761EEF /* ContentView.swift in Sources */ = {isa = PBXBuildFile; fileRef = 0C97AD552C57E15500761EEF /* ContentView.swift */; };
		0C97AD582C57E15700761EEF /* Assets.xcassets in Resources */ = {isa = PBXBuildFile; fileRef = 0C97AD572C57E15700761EEF /* Assets.xcassets */; };
		0C97AD5B2C57E15700761EEF /* Preview Assets.xcassets in Resources */ = {isa = PBXBuildFile; fileRef = 0C97AD5A2C57E15700761EEF /* Preview Assets.xcassets */; };
		0C97AD5D2C57E15700761EEF /* Persistence.swift in Sources */ = {isa = PBXBuildFile; fileRef = 0C97AD5C2C57E15700761EEF /* Persistence.swift */; };
		0C97AD602C57E15700761EEF /* Review_Innovations.xcdatamodeld in Sources */ = {isa = PBXBuildFile; fileRef = 0C97AD5E2C57E15700761EEF /* Review_Innovations.xcdatamodeld */; };
		0C97AD6A2C57E15700761EEF /* Review_InnovationsTests.swift in Sources */ = {isa = PBXBuildFile; fileRef = 0C97AD692C57E15700761EEF /* Review_InnovationsTests.swift */; };
		0C97AD742C57E15700761EEF /* Review_InnovationsUITests.swift in Sources */ = {isa = PBXBuildFile; fileRef = 0C97AD732C57E15700761EEF /* Review_InnovationsUITests.swift */; };
		0C97AD762C57E15700761EEF /* Review_InnovationsUITestsLaunchTests.swift in Sources */ = {isa = PBXBuildFile; fileRef = 0C97AD752C57E15700761EEF /* Review_InnovationsUITestsLaunchTests.swift */; };
/* End PBXBuildFile section */

/* Begin PBXContainerItemProxy section */
		0C97AD662C57E15700761EEF /* PBXContainerItemProxy */ = {
			isa = PBXContainerItemProxy;
			containerPortal = 0C97AD482C57E15500761EEF /* Project object */;
			proxyType = 1;
			remoteGlobalIDString = 0C97AD4F2C57E15500761EEF;
			remoteInfo = "Review Innovations";
		};
		0C97AD702C57E15700761EEF /* PBXContainerItemProxy */ = {
			isa = PBXContainerItemProxy;
			containerPortal = 0C97AD482C57E15500761EEF /* Project object */;
			proxyType = 1;
			remoteGlobalIDString = 0C97AD4F2C57E15500761EEF;
			remoteInfo = "Review Innovations";
		};
/* End PBXContainerItemProxy section */

/* Begin PBXFileReference section */
		0C97AD502C57E15500761EEF /* Review Innovations.app */ = {isa = PBXFileReference; explicitFileType = wrapper.application; includeInIndex = 0; path = "Review Innovations.app"; sourceTree = BUILT_PRODUCTS_DIR; };
		0C97AD532C57E15500761EEF /* Review_InnovationsApp.swift */ = {isa = PBXFileReference; lastKnownFileType = sourcecode.swift; path = Review_InnovationsApp.swift; sourceTree = "<group>"; };
		0C97AD552C57E15500761EEF /* ContentView.swift */ = {isa = PBXFileReference; lastKnownFileType = sourcecode.swift; path = ContentView.swift; sourceTree = "<group>"; };
		0C97AD572C57E15700761EEF /* Assets.xcassets */ = {isa = PBXFileReference; lastKnownFileType = folder.assetcatalog; path = Assets.xcassets; sourceTree = "<group>"; };
		0C97AD5A2C57E15700761EEF /* Preview Assets.xcassets */ = {isa = PBXFileReference; lastKnownFileType = folder.assetcatalog; path = "Preview Assets.xcassets"; sourceTree = "<group>"; };
		0C97AD5C2C57E15700761EEF /* Persistence.swift */ = {isa = PBXFileReference; lastKnownFileType = sourcecode.swift; path = Persistence.swift; sourceTree = "<group>"; };
		0C97AD5F2C57E15700761EEF /* Review_Innovations.xcdatamodel */ = {isa = PBXFileReference; lastKnownFileType = wrapper.xcdatamodel; path = Review_Innovations.xcdatamodel; sourceTree = "<group>"; };
		0C97AD652C57E15700761EEF /* Review InnovationsTests.xctest */ = {isa = PBXFileReference; explicitFileType = wrapper.cfbundle; includeInIndex = 0; path = "Review InnovationsTests.xctest"; sourceTree = BUILT_PRODUCTS_DIR; };
		0C97AD692C57E15700761EEF /* Review_InnovationsTests.swift */ = {isa = PBXFileReference; lastKnownFileType = sourcecode.swift; path = Review_InnovationsTests.swift; sourceTree = "<group>"; };
		0C97AD6F2C57E15700761EEF /* Review InnovationsUITests.xctest */ = {isa = PBXFileReference; explicitFileType = wrapper.cfbundle; includeInIndex = 0; path = "Review InnovationsUITests.xctest"; sourceTree = BUILT_PRODUCTS_DIR; };
		0C97AD732C57E15700761EEF /* Review_InnovationsUITests.swift */ = {isa = PBXFileReference; lastKnownFileType = sourcecode.swift; path = Review_InnovationsUITests.swift; sourceTree = "<group>"; };
		0C97AD752C57E15700761EEF /* Review_InnovationsUITestsLaunchTests.swift */ = {isa = PBXFileReference; lastKnownFileType = sourcecode.swift; path = Review_InnovationsUITestsLaunchTests.swift; sourceTree = "<group>"; };
/* End PBXFileReference section */

/* Begin PBXFrameworksBuildPhase section */
		0C97AD4D2C57E15500761EEF /* Frameworks */ = {
			isa = PBXFrameworksBuildPhase;
			buildActionMask = 2147483647;
			files = (
			);
			runOnlyForDeploymentPostprocessing = 0;
		};
		0C97AD622C57E15700761EEF /* Frameworks */ = {
			isa = PBXFrameworksBuildPhase;
			buildActionMask = 2147483647;
			files = (
			);
			runOnlyForDeploymentPostprocessing = 0;
		};
		0C97AD6C2C57E15700761EEF /* Frameworks */ = {
			isa = PBXFrameworksBuildPhase;
			buildActionMask = 2147483647;
			files = (
			);
			runOnlyForDeploymentPostprocessing = 0;
		};
/* End PBXFrameworksBuildPhase section */

/* Begin PBXGroup section */
		0C97AD472C57E15500761EEF = {
			isa = PBXGroup;
			children = (
				0C97AD522C57E15500761EEF /* Review Innovations */,
				0C97AD682C57E15700761EEF /* Review InnovationsTests */,
				0C97AD722C57E15700761EEF /* Review InnovationsUITests */,
				0C97AD512C57E15500761EEF /* Products */,
			);
			sourceTree = "<group>";
		};
		0C97AD512C57E15500761EEF /* Products */ = {
			isa = PBXGroup;
			children = (
				0C97AD502C57E15500761EEF /* Review Innovations.app */,
				0C97AD652C57E15700761EEF /* Review InnovationsTests.xctest */,
				0C97AD6F2C57E15700761EEF /* Review InnovationsUITests.xctest */,
			);
			name = Products;
			sourceTree = "<group>";
		};
		0C97AD522C57E15500761EEF /* Review Innovations */ = {
			isa = PBXGroup;
			children = (
				0C97AD532C57E15500761EEF /* Review_InnovationsApp.swift */,
				0C97AD552C57E15500761EEF /* ContentView.swift */,
				0C97AD572C57E15700761EEF /* Assets.xcassets */,
				0C97AD5C2C57E15700761EEF /* Persistence.swift */,
				0C97AD5E2C57E15700761EEF /* Review_Innovations.xcdatamodeld */,
				0C97AD592C57E15700761EEF /* Preview Content */,
			);
			path = "Review Innovations";
			sourceTree = "<group>";
		};
		0C97AD592C57E15700761EEF /* Preview Content */ = {
			isa = PBXGroup;
			children = (
				0C97AD5A2C57E15700761EEF /* Preview Assets.xcassets */,
			);
			path = "Preview Content";
			sourceTree = "<group>";
		};
		0C97AD682C57E15700761EEF /* Review InnovationsTests */ = {
			isa = PBXGroup;
			children = (
				0C97AD692C57E15700761EEF /* Review_InnovationsTests.swift */,
			);
			path = "Review InnovationsTests";
			sourceTree = "<group>";
		};
		0C97AD722C57E15700761EEF /* Review InnovationsUITests */ = {
			isa = PBXGroup;
			children = (
				0C97AD732C57E15700761EEF /* Review_InnovationsUITests.swift */,
				0C97AD752C57E15700761EEF /* Review_InnovationsUITestsLaunchTests.swift */,
			);
			path = "Review InnovationsUITests";
			sourceTree = "<group>";
		};
/* End PBXGroup section */

/* Begin PBXNativeTarget section */
		0C97AD4F2C57E15500761EEF /* Review Innovations */ = {
			isa = PBXNativeTarget;
			buildConfigurationList = 0C97AD792C57E15700761EEF /* Build configuration list for PBXNativeTarget "Review Innovations" */;
			buildPhases = (
				0C97AD4C2C57E15500761EEF /* Sources */,
				0C97AD4D2C57E15500761EEF /* Frameworks */,
				0C97AD4E2C57E15500761EEF /* Resources */,
			);
			buildRules = (
			);
			dependencies = (
			);
			name = "Review Innovations";
			productName = "Review Innovations";
			productReference = 0C97AD502C57E15500761EEF /* Review Innovations.app */;
			productType = "com.apple.product-type.application";
		};
		0C97AD642C57E15700761EEF /* Review InnovationsTests */ = {
			isa = PBXNativeTarget;
			buildConfigurationList = 0C97AD7C2C57E15700761EEF /* Build configuration list for PBXNativeTarget "Review InnovationsTests" */;
			buildPhases = (
				0C97AD612C57E15700761EEF /* Sources */,
				0C97AD622C57E15700761EEF /* Frameworks */,
				0C97AD632C57E15700761EEF /* Resources */,
			);
			buildRules = (
			);
			dependencies = (
				0C97AD672C57E15700761EEF /* PBXTargetDependency */,
			);
			name = "Review InnovationsTests";
			productName = "Review InnovationsTests";
			productReference = 0C97AD652C57E15700761EEF /* Review InnovationsTests.xctest */;
			productType = "com.apple.product-type.bundle.unit-test";
		};
		0C97AD6E2C57E15700761EEF /* Review InnovationsUITests */ = {
			isa = PBXNativeTarget;
			buildConfigurationList = 0C97AD7F2C57E15700761EEF /* Build configuration list for PBXNativeTarget "Review InnovationsUITests" */;
			buildPhases = (
				0C97AD6B2C57E15700761EEF /* Sources */,
				0C97AD6C2C57E15700761EEF /* Frameworks */,
				0C97AD6D2C57E15700761EEF /* Resources */,
			);
			buildRules = (
			);
			dependencies = (
				0C97AD712C57E15700761EEF /* PBXTargetDependency */,
			);
			name = "Review InnovationsUITests";
			productName = "Review InnovationsUITests";
			productReference = 0C97AD6F2C57E15700761EEF /* Review InnovationsUITests.xctest */;
			productType = "com.apple.product-type.bundle.ui-testing";
		};
/* End PBXNativeTarget section */

/* Begin PBXProject section */
		0C97AD482C57E15500761EEF /* Project object */ = {
			isa = PBXProject;
			attributes = {
				BuildIndependentTargetsInParallel = 1;
				LastSwiftUpdateCheck = 1540;
				LastUpgradeCheck = 1540;
				TargetAttributes = {
					0C97AD4F2C57E15500761EEF = {
						CreatedOnToolsVersion = 15.4;
					};
					0C97AD642C57E15700761EEF = {
						CreatedOnToolsVersion = 15.4;
						TestTargetID = 0C97AD4F2C57E15500761EEF;
					};
					0C97AD6E2C57E15700761EEF = {
						CreatedOnToolsVersion = 15.4;
						TestTargetID = 0C97AD4F2C57E15500761EEF;
					};
				};
			};
			buildConfigurationList = 0C97AD4B2C57E15500761EEF /* Build configuration list for PBXProject "Review Innovations" */;
			compatibilityVersion = "Xcode 14.0";
			developmentRegion = en;
			hasScannedForEncodings = 0;
			knownRegions = (
				en,
				Base,
			);
			mainGroup = 0C97AD472C57E15500761EEF;
			productRefGroup = 0C97AD512C57E15500761EEF /* Products */;
			projectDirPath = "";
			projectRoot = "";
			targets = (
				0C97AD4F2C57E15500761EEF /* Review Innovations */,
				0C97AD642C57E15700761EEF /* Review InnovationsTests */,
				0C97AD6E2C57E15700761EEF /* Review InnovationsUITests */,
			);
		};
/* End PBXProject section */

/* Begin PBXResourcesBuildPhase section */
		0C97AD4E2C57E15500761EEF /* Resources */ = {
			isa = PBXResourcesBuildPhase;
			buildActionMask = 2147483647;
			files = (
				0C97AD5B2C57E15700761EEF /* Preview Assets.xcassets in Resources */,
				0C97AD582C57E15700761EEF /* Assets.xcassets in Resources */,
			);
			runOnlyForDeploymentPostprocessing = 0;
		};
		0C97AD632C57E15700761EEF /* Resources */ = {
			isa = PBXResourcesBuildPhase;
			buildActionMask = 2147483647;
			files = (
			);
			runOnlyForDeploymentPostprocessing = 0;
		};
		0C97AD6D2C57E15700761EEF /* Resources */ = {
			isa = PBXResourcesBuildPhase;
			buildActionMask = 2147483647;
			files = (
			);
			runOnlyForDeploymentPostprocessing = 0;
		};
/* End PBXResourcesBuildPhase section */

/* Begin PBXSourcesBuildPhase section */
		0C97AD4C2C57E15500761EEF /* Sources */ = {
			isa = PBXSourcesBuildPhase;
			buildActionMask = 2147483647;
			files = (
				0C97AD602C57E15700761EEF /* Review_Innovations.xcdatamodeld in Sources */,
				0C97AD5D2C57E15700761EEF /* Persistence.swift in Sources */,
				0C97AD562C57E15500761EEF /* ContentView.swift in Sources */,
				0C97AD542C57E15500761EEF /* Review_InnovationsApp.swift in Sources */,
			);
			runOnlyForDeploymentPostprocessing = 0;
		};
		0C97AD612C57E15700761EEF /* Sources */ = {
			isa = PBXSourcesBuildPhase;
			buildActionMask = 2147483647;
			files = (
				0C97AD6A2C57E15700761EEF /* Review_InnovationsTests.swift in Sources */,
			);
			runOnlyForDeploymentPostprocessing = 0;
		};
		0C97AD6B2C57E15700761EEF /* Sources */ = {
			isa = PBXSourcesBuildPhase;
			buildActionMask = 2147483647;
			files = (
				0C97AD742C57E15700761EEF /* Review_InnovationsUITests.swift in Sources */,
				0C97AD762C57E15700761EEF /* Review_InnovationsUITestsLaunchTests.swift in Sources */,
			);
			runOnlyForDeploymentPostprocessing = 0;
		};
/* End PBXSourcesBuildPhase section */

/* Begin PBXTargetDependency section */
		0C97AD672C57E15700761EEF /* PBXTargetDependency */ = {
			isa = PBXTargetDependency;
			target = 0C97AD4F2C57E15500761EEF /* Review Innovations */;
			targetProxy = 0C97AD662C57E15700761EEF /* PBXContainerItemProxy */;
		};
		0C97AD712C57E15700761EEF /* PBXTargetDependency */ = {
			isa = PBXTargetDependency;
			target = 0C97AD4F2C57E15500761EEF /* Review Innovations */;
			targetProxy = 0C97AD702C57E15700761EEF /* PBXContainerItemProxy */;
		};
/* End PBXTargetDependency section */

/* Begin XCBuildConfiguration section */
		0C97AD772C57E15700761EEF /* Debug */ = {
			isa = XCBuildConfiguration;
			buildSettings = {
				ALWAYS_SEARCH_USER_PATHS = NO;
				ASSETCATALOG_COMPILER_GENERATE_SWIFT_ASSET_SYMBOL_EXTENSIONS = YES;
				CLANG_ANALYZER_NONNULL = YES;
				CLANG_ANALYZER_NUMBER_OBJECT_CONVERSION = YES_AGGRESSIVE;
				CLANG_CXX_LANGUAGE_STANDARD = "gnu++20";
				CLANG_ENABLE_MODULES = YES;
				CLANG_ENABLE_OBJC_ARC = YES;
				CLANG_ENABLE_OBJC_WEAK = YES;
				CLANG_WARN_BLOCK_CAPTURE_AUTORELEASING = YES;
				CLANG_WARN_BOOL_CONVERSION = YES;
				CLANG_WARN_COMMA = YES;
				CLANG_WARN_CONSTANT_CONVERSION = YES;
				CLANG_WARN_DEPRECATED_OBJC_IMPLEMENTATIONS = YES;
				CLANG_WARN_DIRECT_OBJC_ISA_USAGE = YES_ERROR;
				CLANG_WARN_DOCUMENTATION_COMMENTS = YES;
				CLANG_WARN_EMPTY_BODY = YES;
				CLANG_WARN_ENUM_CONVERSION = YES;
				CLANG_WARN_INFINITE_RECURSION = YES;
				CLANG_WARN_INT_CONVERSION = YES;
				CLANG_WARN_NON_LITERAL_NULL_CONVERSION = YES;
				CLANG_WARN_OBJC_IMPLICIT_RETAIN_SELF = YES;
				CLANG_WARN_OBJC_LITERAL_CONVERSION = YES;
				CLANG_WARN_OBJC_ROOT_CLASS = YES_ERROR;
				CLANG_WARN_QUOTED_INCLUDE_IN_FRAMEWORK_HEADER = YES;
				CLANG_WARN_RANGE_LOOP_ANALYSIS = YES;
				CLANG_WARN_STRICT_PROTOTYPES = YES;
				CLANG_WARN_SUSPICIOUS_MOVE = YES;
				CLANG_WARN_UNGUARDED_AVAILABILITY = YES_AGGRESSIVE;
				CLANG_WARN_UNREACHABLE_CODE = YES;
				CLANG_WARN__DUPLICATE_METHOD_MATCH = YES;
				COPY_PHASE_STRIP = NO;
				DEBUG_INFORMATION_FORMAT = dwarf;
				ENABLE_STRICT_OBJC_MSGSEND = YES;
				ENABLE_TESTABILITY = YES;
				ENABLE_USER_SCRIPT_SANDBOXING = YES;
				GCC_C_LANGUAGE_STANDARD = gnu17;
				GCC_DYNAMIC_NO_PIC = NO;
				GCC_NO_COMMON_BLOCKS = YES;
				GCC_OPTIMIZATION_LEVEL = 0;
				GCC_PREPROCESSOR_DEFINITIONS = (
					"DEBUG=1",
					"$(inherited)",
				);
				GCC_WARN_64_TO_32_BIT_CONVERSION = YES;
				GCC_WARN_ABOUT_RETURN_TYPE = YES_ERROR;
				GCC_WARN_UNDECLARED_SELECTOR = YES;
				GCC_WARN_UNINITIALIZED_AUTOS = YES_AGGRESSIVE;
				GCC_WARN_UNUSED_FUNCTION = YES;
				GCC_WARN_UNUSED_VARIABLE = YES;
				IPHONEOS_DEPLOYMENT_TARGET = 17.5;
				LOCALIZATION_PREFERS_STRING_CATALOGS = YES;
				MTL_ENABLE_DEBUG_INFO = INCLUDE_SOURCE;
				MTL_FAST_MATH = YES;
				ONLY_ACTIVE_ARCH = YES;
				SDKROOT = iphoneos;
				SWIFT_ACTIVE_COMPILATION_CONDITIONS = "DEBUG $(inherited)";
				SWIFT_OPTIMIZATION_LEVEL = "-Onone";
			};
			name = Debug;
		};
		0C97AD782C57E15700761EEF /* Release */ = {
			isa = XCBuildConfiguration;
			buildSettings = {
				ALWAYS_SEARCH_USER_PATHS = NO;
				ASSETCATALOG_COMPILER_GENERATE_SWIFT_ASSET_SYMBOL_EXTENSIONS = YES;
				CLANG_ANALYZER_NONNULL = YES;
				CLANG_ANALYZER_NUMBER_OBJECT_CONVERSION = YES_AGGRESSIVE;
				CLANG_CXX_LANGUAGE_STANDARD = "gnu++20";
				CLANG_ENABLE_MODULES = YES;
				CLANG_ENABLE_OBJC_ARC = YES;
				CLANG_ENABLE_OBJC_WEAK = YES;
				CLANG_WARN_BLOCK_CAPTURE_AUTORELEASING = YES;
				CLANG_WARN_BOOL_CONVERSION = YES;
				CLANG_WARN_COMMA = YES;
				CLANG_WARN_CONSTANT_CONVERSION = YES;
				CLANG_WARN_DEPRECATED_OBJC_IMPLEMENTATIONS = YES;
				CLANG_WARN_DIRECT_OBJC_ISA_USAGE = YES_ERROR;
				CLANG_WARN_DOCUMENTATION_COMMENTS = YES;
				CLANG_WARN_EMPTY_BODY = YES;
				CLANG_WARN_ENUM_CONVERSION = YES;
				CLANG_WARN_INFINITE_RECURSION = YES;
				CLANG_WARN_INT_CONVERSION = YES;
				CLANG_WARN_NON_LITERAL_NULL_CONVERSION = YES;
				CLANG_WARN_OBJC_IMPLICIT_RETAIN_SELF = YES;
				CLANG_WARN_OBJC_LITERAL_CONVERSION = YES;
				CLANG_WARN_OBJC_ROOT_CLASS = YES_ERROR;
				CLANG_WARN_QUOTED_INCLUDE_IN_FRAMEWORK_HEADER = YES;
				CLANG_WARN_RANGE_LOOP_ANALYSIS = YES;
				CLANG_WARN_STRICT_PROTOTYPES = YES;
				CLANG_WARN_SUSPICIOUS_MOVE = YES;
				CLANG_WARN_UNGUARDED_AVAILABILITY = YES_AGGRESSIVE;
				CLANG_WARN_UNREACHABLE_CODE = YES;
				CLANG_WARN__DUPLICATE_METHOD_MATCH = YES;
				COPY_PHASE_STRIP = NO;
				DEBUG_INFORMATION_FORMAT = "dwarf-with-dsym";
				ENABLE_NS_ASSERTIONS = NO;
				ENABLE_STRICT_OBJC_MSGSEND = YES;
				ENABLE_USER_SCRIPT_SANDBOXING = YES;
				GCC_C_LANGUAGE_STANDARD = gnu17;
				GCC_NO_COMMON_BLOCKS = YES;
				GCC_WARN_64_TO_32_BIT_CONVERSION = YES;
				GCC_WARN_ABOUT_RETURN_TYPE = YES_ERROR;
				GCC_WARN_UNDECLARED_SELECTOR = YES;
				GCC_WARN_UNINITIALIZED_AUTOS = YES_AGGRESSIVE;
				GCC_WARN_UNUSED_FUNCTION = YES;
				GCC_WARN_UNUSED_VARIABLE = YES;
				IPHONEOS_DEPLOYMENT_TARGET = 17.5;
				LOCALIZATION_PREFERS_STRING_CATALOGS = YES;
				MTL_ENABLE_DEBUG_INFO = NO;
				MTL_FAST_MATH = YES;
				SDKROOT = iphoneos;
				SWIFT_COMPILATION_MODE = wholemodule;
				VALIDATE_PRODUCT = YES;
			};
			name = Release;
		};
		0C97AD7A2C57E15700761EEF /* Debug */ = {
			isa = XCBuildConfiguration;
			buildSettings = {
				ASSETCATALOG_COMPILER_APPICON_NAME = AppIcon;
				ASSETCATALOG_COMPILER_GLOBAL_ACCENT_COLOR_NAME = AccentColor;
				CODE_SIGN_STYLE = Automatic;
				CURRENT_PROJECT_VERSION = 1;
				DEVELOPMENT_ASSET_PATHS = "\"Review Innovations/Preview Content\"";
				DEVELOPMENT_TEAM = SUKZM58DYF;
				ENABLE_PREVIEWS = YES;
				GENERATE_INFOPLIST_FILE = YES;
				INFOPLIST_KEY_UIApplicationSceneManifest_Generation = YES;
				INFOPLIST_KEY_UIApplicationSupportsIndirectInputEvents = YES;
				INFOPLIST_KEY_UILaunchScreen_Generation = YES;
				INFOPLIST_KEY_UISupportedInterfaceOrientations_iPad = "UIInterfaceOrientationPortrait UIInterfaceOrientationPortraitUpsideDown UIInterfaceOrientationLandscapeLeft UIInterfaceOrientationLandscapeRight";
				INFOPLIST_KEY_UISupportedInterfaceOrientations_iPhone = "UIInterfaceOrientationPortrait UIInterfaceOrientationLandscapeLeft UIInterfaceOrientationLandscapeRight";
				LD_RUNPATH_SEARCH_PATHS = (
					"$(inherited)",
					"@executable_path/Frameworks",
				);
				MARKETING_VERSION = 1.0;
				PRODUCT_BUNDLE_IDENTIFIER = "calendartestonly.Review-Innovations";
				PRODUCT_NAME = "$(TARGET_NAME)";
				SWIFT_EMIT_LOC_STRINGS = YES;
				SWIFT_VERSION = 5.0;
				TARGETED_DEVICE_FAMILY = "1,2";
			};
			name = Debug;
		};
		0C97AD7B2C57E15700761EEF /* Release */ = {
			isa = XCBuildConfiguration;
			buildSettings = {
				ASSETCATALOG_COMPILER_APPICON_NAME = AppIcon;
				ASSETCATALOG_COMPILER_GLOBAL_ACCENT_COLOR_NAME = AccentColor;
				CODE_SIGN_STYLE = Automatic;
				CURRENT_PROJECT_VERSION = 1;
				DEVELOPMENT_ASSET_PATHS = "\"Review Innovations/Preview Content\"";
				DEVELOPMENT_TEAM = SUKZM58DYF;
				ENABLE_PREVIEWS = YES;
				GENERATE_INFOPLIST_FILE = YES;
				INFOPLIST_KEY_UIApplicationSceneManifest_Generation = YES;
				INFOPLIST_KEY_UIApplicationSupportsIndirectInputEvents = YES;
				INFOPLIST_KEY_UILaunchScreen_Generation = YES;
				INFOPLIST_KEY_UISupportedInterfaceOrientations_iPad = "UIInterfaceOrientationPortrait UIInterfaceOrientationPortraitUpsideDown UIInterfaceOrientationLandscapeLeft UIInterfaceOrientationLandscapeRight";
				INFOPLIST_KEY_UISupportedInterfaceOrientations_iPhone = "UIInterfaceOrientationPortrait UIInterfaceOrientationLandscapeLeft UIInterfaceOrientationLandscapeRight";
				LD_RUNPATH_SEARCH_PATHS = (
					"$(inherited)",
					"@executable_path/Frameworks",
				);
				MARKETING_VERSION = 1.0;
				PRODUCT_BUNDLE_IDENTIFIER = "calendartestonly.Review-Innovations";
				PRODUCT_NAME = "$(TARGET_NAME)";
				SWIFT_EMIT_LOC_STRINGS = YES;
				SWIFT_VERSION = 5.0;
				TARGETED_DEVICE_FAMILY = "1,2";
			};
			name = Release;
		};
		0C97AD7D2C57E15700761EEF /* Debug */ = {
			isa = XCBuildConfiguration;
			buildSettings = {
				ALWAYS_EMBED_SWIFT_STANDARD_LIBRARIES = YES;
				BUNDLE_LOADER = "$(TEST_HOST)";
				CODE_SIGN_STYLE = Automatic;
				CURRENT_PROJECT_VERSION = 1;
				DEVELOPMENT_TEAM = SUKZM58DYF;
				GENERATE_INFOPLIST_FILE = YES;
				IPHONEOS_DEPLOYMENT_TARGET = 17.5;
				MARKETING_VERSION = 1.0;
				PRODUCT_BUNDLE_IDENTIFIER = "calendartestonly.Review-InnovationsTests";
				PRODUCT_NAME = "$(TARGET_NAME)";
				SWIFT_EMIT_LOC_STRINGS = NO;
				SWIFT_VERSION = 5.0;
				TARGETED_DEVICE_FAMILY = "1,2";
				TEST_HOST = "$(BUILT_PRODUCTS_DIR)/Review Innovations.app/$(BUNDLE_EXECUTABLE_FOLDER_PATH)/Review Innovations";
			};
			name = Debug;
		};
		0C97AD7E2C57E15700761EEF /* Release */ = {
			isa = XCBuildConfiguration;
			buildSettings = {
				ALWAYS_EMBED_SWIFT_STANDARD_LIBRARIES = YES;
				BUNDLE_LOADER = "$(TEST_HOST)";
				CODE_SIGN_STYLE = Automatic;
				CURRENT_PROJECT_VERSION = 1;
				DEVELOPMENT_TEAM = SUKZM58DYF;
				GENERATE_INFOPLIST_FILE = YES;
				IPHONEOS_DEPLOYMENT_TARGET = 17.5;
				MARKETING_VERSION = 1.0;
				PRODUCT_BUNDLE_IDENTIFIER = "calendartestonly.Review-InnovationsTests";
				PRODUCT_NAME = "$(TARGET_NAME)";
				SWIFT_EMIT_LOC_STRINGS = NO;
				SWIFT_VERSION = 5.0;
				TARGETED_DEVICE_FAMILY = "1,2";
				TEST_HOST = "$(BUILT_PRODUCTS_DIR)/Review Innovations.app/$(BUNDLE_EXECUTABLE_FOLDER_PATH)/Review Innovations";
			};
			name = Release;
		};
		0C97AD802C57E15700761EEF /* Debug */ = {
			isa = XCBuildConfiguration;
			buildSettings = {
				ALWAYS_EMBED_SWIFT_STANDARD_LIBRARIES = YES;
				CODE_SIGN_STYLE = Automatic;
				CURRENT_PROJECT_VERSION = 1;
				DEVELOPMENT_TEAM = SUKZM58DYF;
				GENERATE_INFOPLIST_FILE = YES;
				MARKETING_VERSION = 1.0;
				PRODUCT_BUNDLE_IDENTIFIER = "calendartestonly.Review-InnovationsUITests";
				PRODUCT_NAME = "$(TARGET_NAME)";
				SWIFT_EMIT_LOC_STRINGS = NO;
				SWIFT_VERSION = 5.0;
				TARGETED_DEVICE_FAMILY = "1,2";
				TEST_TARGET_NAME = "Review Innovations";
			};
			name = Debug;
		};
		0C97AD812C57E15700761EEF /* Release */ = {
			isa = XCBuildConfiguration;
			buildSettings = {
				ALWAYS_EMBED_SWIFT_STANDARD_LIBRARIES = YES;
				CODE_SIGN_STYLE = Automatic;
				CURRENT_PROJECT_VERSION = 1;
				DEVELOPMENT_TEAM = SUKZM58DYF;
				GENERATE_INFOPLIST_FILE = YES;
				MARKETING_VERSION = 1.0;
				PRODUCT_BUNDLE_IDENTIFIER = "calendartestonly.Review-InnovationsUITests";
				PRODUCT_NAME = "$(TARGET_NAME)";
				SWIFT_EMIT_LOC_STRINGS = NO;
				SWIFT_VERSION = 5.0;
				TARGETED_DEVICE_FAMILY = "1,2";
				TEST_TARGET_NAME = "Review Innovations";
			};
			name = Release;
		};
/* End XCBuildConfiguration section */

/* Begin XCConfigurationList section */
		0C97AD4B2C57E15500761EEF /* Build configuration list for PBXProject "Review Innovations" */ = {
			isa = XCConfigurationList;
			buildConfigurations = (
				0C97AD772C57E15700761EEF /* Debug */,
				0C97AD782C57E15700761EEF /* Release */,
			);
			defaultConfigurationIsVisible = 0;
			defaultConfigurationName = Release;
		};
		0C97AD792C57E15700761EEF /* Build configuration list for PBXNativeTarget "Review Innovations" */ = {
			isa = XCConfigurationList;
			buildConfigurations = (
				0C97AD7A2C57E15700761EEF /* Debug */,
				0C97AD7B2C57E15700761EEF /* Release */,
			);
			defaultConfigurationIsVisible = 0;
			defaultConfigurationName = Release;
		};
		0C97AD7C2C57E15700761EEF /* Build configuration list for PBXNativeTarget "Review InnovationsTests" */ = {
			isa = XCConfigurationList;
			buildConfigurations = (
				0C97AD7D2C57E15700761EEF /* Debug */,
				0C97AD7E2C57E15700761EEF /* Release */,
			);
			defaultConfigurationIsVisible = 0;
			defaultConfigurationName = Release;
		};
		0C97AD7F2C57E15700761EEF /* Build configuration list for PBXNativeTarget "Review InnovationsUITests" */ = {
			isa = XCConfigurationList;
			buildConfigurations = (
				0C97AD802C57E15700761EEF /* Debug */,
				0C97AD812C57E15700761EEF /* Release */,
			);
			defaultConfigurationIsVisible = 0;
			defaultConfigurationName = Release;
		};
/* End XCConfigurationList section */

/* Begin XCVersionGroup section */
		0C97AD5E2C57E15700761EEF /* Review_Innovations.xcdatamodeld */ = {
			isa = XCVersionGroup;
			children = (
				0C97AD5F2C57E15700761EEF /* Review_Innovations.xcdatamodel */,
			);
			currentVersion = 0C97AD5F2C57E15700761EEF /* Review_Innovations.xcdatamodel */;
			path = Review_Innovations.xcdatamodeld;
			sourceTree = "<group>";
			versionGroupType = wrapper.xcdatamodel;
		};
/* End XCVersionGroup section */
	};
	rootObject = 0C97AD482C57E15500761EEF /* Project object */;
}
